// !$*UTF8*$!
{
	archiveVersion = 1;
	classes = {
	};
	objectVersion = 56;
	objects = {

/* Begin PBXBuildFile section */
		757DF7C82B5028F200A0D6B2 /* UserSettings.swift in Sources */ = {isa = PBXBuildFile; fileRef = 757DF7C72B5028F200A0D6B2 /* UserSettings.swift */; };
		75F970922B4DA75600709723 /* AppDelegate.swift in Sources */ = {isa = PBXBuildFile; fileRef = 75F970912B4DA75600709723 /* AppDelegate.swift */; };
		75F970942B4DA75600709723 /* SceneDelegate.swift in Sources */ = {isa = PBXBuildFile; fileRef = 75F970932B4DA75600709723 /* SceneDelegate.swift */; };
		75F970962B4DA75600709723 /* MainViewController.swift in Sources */ = {isa = PBXBuildFile; fileRef = 75F970952B4DA75600709723 /* MainViewController.swift */; };
		75F970992B4DA75600709723 /* Main.storyboard in Resources */ = {isa = PBXBuildFile; fileRef = 75F970972B4DA75600709723 /* Main.storyboard */; };
		75F9709B2B4DA75700709723 /* Assets.xcassets in Resources */ = {isa = PBXBuildFile; fileRef = 75F9709A2B4DA75700709723 /* Assets.xcassets */; };
		75F9709E2B4DA75700709723 /* LaunchScreen.storyboard in Resources */ = {isa = PBXBuildFile; fileRef = 75F9709C2B4DA75700709723 /* LaunchScreen.storyboard */; };
		75F970A62B4DAF7600709723 /* Extensions.swift in Sources */ = {isa = PBXBuildFile; fileRef = 75F970A52B4DAF7600709723 /* Extensions.swift */; };
		75F970A82B4EC1EC00709723 /* CustomizationViewController.swift in Sources */ = {isa = PBXBuildFile; fileRef = 75F970A72B4EC1EC00709723 /* CustomizationViewController.swift */; };
		75F970AA2B4EC93800709723 /* GenderViewController.swift in Sources */ = {isa = PBXBuildFile; fileRef = 75F970A92B4EC93800709723 /* GenderViewController.swift */; };
		75F970AC2B4ED14700709723 /* NicknameViewController.swift in Sources */ = {isa = PBXBuildFile; fileRef = 75F970AB2B4ED14700709723 /* NicknameViewController.swift */; };
		75F970AE2B4ED15100709723 /* AvatarViewController.swift in Sources */ = {isa = PBXBuildFile; fileRef = 75F970AD2B4ED15100709723 /* AvatarViewController.swift */; };
/* End PBXBuildFile section */

/* Begin PBXFileReference section */
		757DF7C72B5028F200A0D6B2 /* UserSettings.swift */ = {isa = PBXFileReference; lastKnownFileType = sourcecode.swift; path = UserSettings.swift; sourceTree = "<group>"; };
		75F9708E2B4DA75600709723 /* dz7_Akulich.app */ = {isa = PBXFileReference; explicitFileType = wrapper.application; includeInIndex = 0; path = dz7_Akulich.app; sourceTree = BUILT_PRODUCTS_DIR; };
		75F970912B4DA75600709723 /* AppDelegate.swift */ = {isa = PBXFileReference; lastKnownFileType = sourcecode.swift; path = AppDelegate.swift; sourceTree = "<group>"; };
		75F970932B4DA75600709723 /* SceneDelegate.swift */ = {isa = PBXFileReference; lastKnownFileType = sourcecode.swift; path = SceneDelegate.swift; sourceTree = "<group>"; };
		75F970952B4DA75600709723 /* MainViewController.swift */ = {isa = PBXFileReference; lastKnownFileType = sourcecode.swift; path = MainViewController.swift; sourceTree = "<group>"; };
		75F970982B4DA75600709723 /* Base */ = {isa = PBXFileReference; lastKnownFileType = file.storyboard; name = Base; path = Base.lproj/Main.storyboard; sourceTree = "<group>"; };
		75F9709A2B4DA75700709723 /* Assets.xcassets */ = {isa = PBXFileReference; lastKnownFileType = folder.assetcatalog; path = Assets.xcassets; sourceTree = "<group>"; };
		75F9709D2B4DA75700709723 /* Base */ = {isa = PBXFileReference; lastKnownFileType = file.storyboard; name = Base; path = Base.lproj/LaunchScreen.storyboard; sourceTree = "<group>"; };
		75F9709F2B4DA75700709723 /* Info.plist */ = {isa = PBXFileReference; lastKnownFileType = text.plist.xml; path = Info.plist; sourceTree = "<group>"; };
		75F970A52B4DAF7600709723 /* Extensions.swift */ = {isa = PBXFileReference; lastKnownFileType = sourcecode.swift; path = Extensions.swift; sourceTree = "<group>"; };
		75F970A72B4EC1EC00709723 /* CustomizationViewController.swift */ = {isa = PBXFileReference; lastKnownFileType = sourcecode.swift; path = CustomizationViewController.swift; sourceTree = "<group>"; };
		75F970A92B4EC93800709723 /* GenderViewController.swift */ = {isa = PBXFileReference; lastKnownFileType = sourcecode.swift; path = GenderViewController.swift; sourceTree = "<group>"; };
		75F970AB2B4ED14700709723 /* NicknameViewController.swift */ = {isa = PBXFileReference; lastKnownFileType = sourcecode.swift; path = NicknameViewController.swift; sourceTree = "<group>"; };
		75F970AD2B4ED15100709723 /* AvatarViewController.swift */ = {isa = PBXFileReference; lastKnownFileType = sourcecode.swift; path = AvatarViewController.swift; sourceTree = "<group>"; };
/* End PBXFileReference section */

/* Begin PBXFrameworksBuildPhase section */
		75F9708B2B4DA75600709723 /* Frameworks */ = {
			isa = PBXFrameworksBuildPhase;
			buildActionMask = 2147483647;
			files = (
			);
			runOnlyForDeploymentPostprocessing = 0;
		};
/* End PBXFrameworksBuildPhase section */

/* Begin PBXGroup section */
		757DF7C62B5013A500A0D6B2 /* ViewControllers */ = {
			isa = PBXGroup;
			children = (
				75F970952B4DA75600709723 /* MainViewController.swift */,
				75F970A72B4EC1EC00709723 /* CustomizationViewController.swift */,
				75F970A92B4EC93800709723 /* GenderViewController.swift */,
				75F970AB2B4ED14700709723 /* NicknameViewController.swift */,
				75F970AD2B4ED15100709723 /* AvatarViewController.swift */,
			);
			path = ViewControllers;
			sourceTree = "<group>";
		};
		75F970852B4DA75600709723 = {
			isa = PBXGroup;
			children = (
				75F970902B4DA75600709723 /* dz7_Akulich */,
				75F9708F2B4DA75600709723 /* Products */,
			);
			sourceTree = "<group>";
		};
		75F9708F2B4DA75600709723 /* Products */ = {
			isa = PBXGroup;
			children = (
				75F9708E2B4DA75600709723 /* dz7_Akulich.app */,
			);
			name = Products;
			sourceTree = "<group>";
		};
		75F970902B4DA75600709723 /* dz7_Akulich */ = {
			isa = PBXGroup;
			children = (
				75F970912B4DA75600709723 /* AppDelegate.swift */,
				75F970932B4DA75600709723 /* SceneDelegate.swift */,
				757DF7C62B5013A500A0D6B2 /* ViewControllers */,
				75F970A52B4DAF7600709723 /* Extensions.swift */,
				757DF7C72B5028F200A0D6B2 /* UserSettings.swift */,
				75F970972B4DA75600709723 /* Main.storyboard */,
				75F9709A2B4DA75700709723 /* Assets.xcassets */,
				75F9709C2B4DA75700709723 /* LaunchScreen.storyboard */,
				75F9709F2B4DA75700709723 /* Info.plist */,
			);
			path = dz7_Akulich;
			sourceTree = "<group>";
		};
/* End PBXGroup section */

/* Begin PBXNativeTarget section */
		75F9708D2B4DA75600709723 /* dz7_Akulich */ = {
			isa = PBXNativeTarget;
			buildConfigurationList = 75F970A22B4DA75700709723 /* Build configuration list for PBXNativeTarget "dz7_Akulich" */;
			buildPhases = (
				75F9708A2B4DA75600709723 /* Sources */,
				75F9708B2B4DA75600709723 /* Frameworks */,
				75F9708C2B4DA75600709723 /* Resources */,
			);
			buildRules = (
			);
			dependencies = (
			);
			name = dz7_Akulich;
			productName = dz7_Akulich;
			productReference = 75F9708E2B4DA75600709723 /* dz7_Akulich.app */;
			productType = "com.apple.product-type.application";
		};
/* End PBXNativeTarget section */

/* Begin PBXProject section */
		75F970862B4DA75600709723 /* Project object */ = {
			isa = PBXProject;
			attributes = {
				BuildIndependentTargetsInParallel = 1;
				LastSwiftUpdateCheck = 1430;
				LastUpgradeCheck = 1430;
				TargetAttributes = {
					75F9708D2B4DA75600709723 = {
						CreatedOnToolsVersion = 14.3.1;
					};
				};
			};
			buildConfigurationList = 75F970892B4DA75600709723 /* Build configuration list for PBXProject "dz7_Akulich" */;
			compatibilityVersion = "Xcode 14.0";
			developmentRegion = en;
			hasScannedForEncodings = 0;
			knownRegions = (
				en,
				Base,
			);
			mainGroup = 75F970852B4DA75600709723;
			productRefGroup = 75F9708F2B4DA75600709723 /* Products */;
			projectDirPath = "";
			projectRoot = "";
			targets = (
				75F9708D2B4DA75600709723 /* dz7_Akulich */,
			);
		};
/* End PBXProject section */

/* Begin PBXResourcesBuildPhase section */
		75F9708C2B4DA75600709723 /* Resources */ = {
			isa = PBXResourcesBuildPhase;
			buildActionMask = 2147483647;
			files = (
				75F9709E2B4DA75700709723 /* LaunchScreen.storyboard in Resources */,
				75F9709B2B4DA75700709723 /* Assets.xcassets in Resources */,
				75F970992B4DA75600709723 /* Main.storyboard in Resources */,
			);
			runOnlyForDeploymentPostprocessing = 0;
		};
/* End PBXResourcesBuildPhase section */

/* Begin PBXSourcesBuildPhase section */
		75F9708A2B4DA75600709723 /* Sources */ = {
			isa = PBXSourcesBuildPhase;
			buildActionMask = 2147483647;
			files = (
				75F970962B4DA75600709723 /* MainViewController.swift in Sources */,
				75F970A82B4EC1EC00709723 /* CustomizationViewController.swift in Sources */,
				75F970922B4DA75600709723 /* AppDelegate.swift in Sources */,
				75F970AE2B4ED15100709723 /* AvatarViewController.swift in Sources */,
				757DF7C82B5028F200A0D6B2 /* UserSettings.swift in Sources */,
				75F970AA2B4EC93800709723 /* GenderViewController.swift in Sources */,
				75F970942B4DA75600709723 /* SceneDelegate.swift in Sources */,
				75F970AC2B4ED14700709723 /* NicknameViewController.swift in Sources */,
				75F970A62B4DAF7600709723 /* Extensions.swift in Sources */,
			);
			runOnlyForDeploymentPostprocessing = 0;
		};
/* End PBXSourcesBuildPhase section */

/* Begin PBXVariantGroup section */
		75F970972B4DA75600709723 /* Main.storyboard */ = {
			isa = PBXVariantGroup;
			children = (
				75F970982B4DA75600709723 /* Base */,
			);
			name = Main.storyboard;
			sourceTree = "<group>";
		};
		75F9709C2B4DA75700709723 /* LaunchScreen.storyboard */ = {
			isa = PBXVariantGroup;
			children = (
				75F9709D2B4DA75700709723 /* Base */,
			);
			name = LaunchScreen.storyboard;
			sourceTree = "<group>";
		};
/* End PBXVariantGroup section */

/* Begin XCBuildConfiguration section */
		75F970A02B4DA75700709723 /* Debug */ = {
			isa = XCBuildConfiguration;
			buildSettings = {
				ALWAYS_SEARCH_USER_PATHS = NO;
				CLANG_ANALYZER_NONNULL = YES;
				CLANG_ANALYZER_NUMBER_OBJECT_CONVERSION = YES_AGGRESSIVE;
				CLANG_CXX_LANGUAGE_STANDARD = "gnu++20";
				CLANG_ENABLE_MODULES = YES;
				CLANG_ENABLE_OBJC_ARC = YES;
				CLANG_ENABLE_OBJC_WEAK = YES;
				CLANG_WARN_BLOCK_CAPTURE_AUTORELEASING = YES;
				CLANG_WARN_BOOL_CONVERSION = YES;
				CLANG_WARN_COMMA = YES;
				CLANG_WARN_CONSTANT_CONVERSION = YES;
				CLANG_WARN_DEPRECATED_OBJC_IMPLEMENTATIONS = YES;
				CLANG_WARN_DIRECT_OBJC_ISA_USAGE = YES_ERROR;
				CLANG_WARN_DOCUMENTATION_COMMENTS = YES;
				CLANG_WARN_EMPTY_BODY = YES;
				CLANG_WARN_ENUM_CONVERSION = YES;
				CLANG_WARN_INFINITE_RECURSION = YES;
				CLANG_WARN_INT_CONVERSION = YES;
				CLANG_WARN_NON_LITERAL_NULL_CONVERSION = YES;
				CLANG_WARN_OBJC_IMPLICIT_RETAIN_SELF = YES;
				CLANG_WARN_OBJC_LITERAL_CONVERSION = YES;
				CLANG_WARN_OBJC_ROOT_CLASS = YES_ERROR;
				CLANG_WARN_QUOTED_INCLUDE_IN_FRAMEWORK_HEADER = YES;
				CLANG_WARN_RANGE_LOOP_ANALYSIS = YES;
				CLANG_WARN_STRICT_PROTOTYPES = YES;
				CLANG_WARN_SUSPICIOUS_MOVE = YES;
				CLANG_WARN_UNGUARDED_AVAILABILITY = YES_AGGRESSIVE;
				CLANG_WARN_UNREACHABLE_CODE = YES;
				CLANG_WARN__DUPLICATE_METHOD_MATCH = YES;
				COPY_PHASE_STRIP = NO;
				DEBUG_INFORMATION_FORMAT = dwarf;
				ENABLE_STRICT_OBJC_MSGSEND = YES;
				ENABLE_TESTABILITY = YES;
				GCC_C_LANGUAGE_STANDARD = gnu11;
				GCC_DYNAMIC_NO_PIC = NO;
				GCC_NO_COMMON_BLOCKS = YES;
				GCC_OPTIMIZATION_LEVEL = 0;
				GCC_PREPROCESSOR_DEFINITIONS = (
					"DEBUG=1",
					"$(inherited)",
				);
				GCC_WARN_64_TO_32_BIT_CONVERSION = YES;
				GCC_WARN_ABOUT_RETURN_TYPE = YES_ERROR;
				GCC_WARN_UNDECLARED_SELECTOR = YES;
				GCC_WARN_UNINITIALIZED_AUTOS = YES_AGGRESSIVE;
				GCC_WARN_UNUSED_FUNCTION = YES;
				GCC_WARN_UNUSED_VARIABLE = YES;
				IPHONEOS_DEPLOYMENT_TARGET = 16.4;
				MTL_ENABLE_DEBUG_INFO = INCLUDE_SOURCE;
				MTL_FAST_MATH = YES;
				ONLY_ACTIVE_ARCH = YES;
				SDKROOT = iphoneos;
				SWIFT_ACTIVE_COMPILATION_CONDITIONS = DEBUG;
				SWIFT_OPTIMIZATION_LEVEL = "-Onone";
			};
			name = Debug;
		};
		75F970A12B4DA75700709723 /* Release */ = {
			isa = XCBuildConfiguration;
			buildSettings = {
				ALWAYS_SEARCH_USER_PATHS = NO;
				CLANG_ANALYZER_NONNULL = YES;
				CLANG_ANALYZER_NUMBER_OBJECT_CONVERSION = YES_AGGRESSIVE;
				CLANG_CXX_LANGUAGE_STANDARD = "gnu++20";
				CLANG_ENABLE_MODULES = YES;
				CLANG_ENABLE_OBJC_ARC = YES;
				CLANG_ENABLE_OBJC_WEAK = YES;
				CLANG_WARN_BLOCK_CAPTURE_AUTORELEASING = YES;
				CLANG_WARN_BOOL_CONVERSION = YES;
				CLANG_WARN_COMMA = YES;
				CLANG_WARN_CONSTANT_CONVERSION = YES;
				CLANG_WARN_DEPRECATED_OBJC_IMPLEMENTATIONS = YES;
				CLANG_WARN_DIRECT_OBJC_ISA_USAGE = YES_ERROR;
				CLANG_WARN_DOCUMENTATION_COMMENTS = YES;
				CLANG_WARN_EMPTY_BODY = YES;
				CLANG_WARN_ENUM_CONVERSION = YES;
				CLANG_WARN_INFINITE_RECURSION = YES;
				CLANG_WARN_INT_CONVERSION = YES;
				CLANG_WARN_NON_LITERAL_NULL_CONVERSION = YES;
				CLANG_WARN_OBJC_IMPLICIT_RETAIN_SELF = YES;
				CLANG_WARN_OBJC_LITERAL_CONVERSION = YES;
				CLANG_WARN_OBJC_ROOT_CLASS = YES_ERROR;
				CLANG_WARN_QUOTED_INCLUDE_IN_FRAMEWORK_HEADER = YES;
				CLANG_WARN_RANGE_LOOP_ANALYSIS = YES;
				CLANG_WARN_STRICT_PROTOTYPES = YES;
				CLANG_WARN_SUSPICIOUS_MOVE = YES;
				CLANG_WARN_UNGUARDED_AVAILABILITY = YES_AGGRESSIVE;
				CLANG_WARN_UNREACHABLE_CODE = YES;
				CLANG_WARN__DUPLICATE_METHOD_MATCH = YES;
				COPY_PHASE_STRIP = NO;
				DEBUG_INFORMATION_FORMAT = "dwarf-with-dsym";
				ENABLE_NS_ASSERTIONS = NO;
				ENABLE_STRICT_OBJC_MSGSEND = YES;
				GCC_C_LANGUAGE_STANDARD = gnu11;
				GCC_NO_COMMON_BLOCKS = YES;
				GCC_WARN_64_TO_32_BIT_CONVERSION = YES;
				GCC_WARN_ABOUT_RETURN_TYPE = YES_ERROR;
				GCC_WARN_UNDECLARED_SELECTOR = YES;
				GCC_WARN_UNINITIALIZED_AUTOS = YES_AGGRESSIVE;
				GCC_WARN_UNUSED_FUNCTION = YES;
				GCC_WARN_UNUSED_VARIABLE = YES;
				IPHONEOS_DEPLOYMENT_TARGET = 16.4;
				MTL_ENABLE_DEBUG_INFO = NO;
				MTL_FAST_MATH = YES;
				SDKROOT = iphoneos;
				SWIFT_COMPILATION_MODE = wholemodule;
				SWIFT_OPTIMIZATION_LEVEL = "-O";
				VALIDATE_PRODUCT = YES;
			};
			name = Release;
		};
		75F970A32B4DA75700709723 /* Debug */ = {
			isa = XCBuildConfiguration;
			buildSettings = {
				ASSETCATALOG_COMPILER_APPICON_NAME = AppIcon;
				ASSETCATALOG_COMPILER_GLOBAL_ACCENT_COLOR_NAME = AccentColor;
				CODE_SIGN_STYLE = Automatic;
				CURRENT_PROJECT_VERSION = 1;
				DEVELOPMENT_TEAM = RBVUFB3256;
				GENERATE_INFOPLIST_FILE = YES;
				INFOPLIST_FILE = dz7_Akulich/Info.plist;
				INFOPLIST_KEY_UIApplicationSupportsIndirectInputEvents = YES;
				INFOPLIST_KEY_UILaunchStoryboardName = LaunchScreen;
				INFOPLIST_KEY_UIMainStoryboardFile = Main;
				INFOPLIST_KEY_UISupportedInterfaceOrientations_iPad = "UIInterfaceOrientationPortrait UIInterfaceOrientationPortraitUpsideDown UIInterfaceOrientationLandscapeLeft UIInterfaceOrientationLandscapeRight";
				INFOPLIST_KEY_UISupportedInterfaceOrientations_iPhone = "UIInterfaceOrientationPortrait UIInterfaceOrientationLandscapeLeft UIInterfaceOrientationLandscapeRight";
				LD_RUNPATH_SEARCH_PATHS = (
					"$(inherited)",
					"@executable_path/Frameworks",
				);
				MARKETING_VERSION = 1.0;
				PRODUCT_BUNDLE_IDENTIFIER = "artur.akulich.dz7-Akulich";
				PRODUCT_NAME = "$(TARGET_NAME)";
				SWIFT_EMIT_LOC_STRINGS = YES;
				SWIFT_VERSION = 5.0;
				TARGETED_DEVICE_FAMILY = "1,2";
			};
			name = Debug;
		};
		75F970A42B4DA75700709723 /* Release */ = {
			isa = XCBuildConfiguration;
			buildSettings = {
				ASSETCATALOG_COMPILER_APPICON_NAME = AppIcon;
				ASSETCATALOG_COMPILER_GLOBAL_ACCENT_COLOR_NAME = AccentColor;
				CODE_SIGN_STYLE = Automatic;
				CURRENT_PROJECT_VERSION = 1;
				DEVELOPMENT_TEAM = RBVUFB3256;
				GENERATE_INFOPLIST_FILE = YES;
				INFOPLIST_FILE = dz7_Akulich/Info.plist;
				INFOPLIST_KEY_UIApplicationSupportsIndirectInputEvents = YES;
				INFOPLIST_KEY_UILaunchStoryboardName = LaunchScreen;
				INFOPLIST_KEY_UIMainStoryboardFile = Main;
				INFOPLIST_KEY_UISupportedInterfaceOrientations_iPad = "UIInterfaceOrientationPortrait UIInterfaceOrientationPortraitUpsideDown UIInterfaceOrientationLandscapeLeft UIInterfaceOrientationLandscapeRight";
				INFOPLIST_KEY_UISupportedInterfaceOrientations_iPhone = "UIInterfaceOrientationPortrait UIInterfaceOrientationLandscapeLeft UIInterfaceOrientationLandscapeRight";
				LD_RUNPATH_SEARCH_PATHS = (
					"$(inherited)",
					"@executable_path/Frameworks",
				);
				MARKETING_VERSION = 1.0;
				PRODUCT_BUNDLE_IDENTIFIER = "artur.akulich.dz7-Akulich";
				PRODUCT_NAME = "$(TARGET_NAME)";
				SWIFT_EMIT_LOC_STRINGS = YES;
				SWIFT_VERSION = 5.0;
				TARGETED_DEVICE_FAMILY = "1,2";
			};
			name = Release;
		};
/* End XCBuildConfiguration section */

/* Begin XCConfigurationList section */
		75F970892B4DA75600709723 /* Build configuration list for PBXProject "dz7_Akulich" */ = {
			isa = XCConfigurationList;
			buildConfigurations = (
				75F970A02B4DA75700709723 /* Debug */,
				75F970A12B4DA75700709723 /* Release */,
			);
			defaultConfigurationIsVisible = 0;
			defaultConfigurationName = Release;
		};
		75F970A22B4DA75700709723 /* Build configuration list for PBXNativeTarget "dz7_Akulich" */ = {
			isa = XCConfigurationList;
			buildConfigurations = (
				75F970A32B4DA75700709723 /* Debug */,
				75F970A42B4DA75700709723 /* Release */,
			);
			defaultConfigurationIsVisible = 0;
			defaultConfigurationName = Release;
		};
/* End XCConfigurationList section */
	};
	rootObject = 75F970862B4DA75600709723 /* Project object */;
}
